{
  "name": "solr-fake",
  "version": "0.3.0",
  "lockfileVersion": 3,
  "requires": true,
  "packages": {
    "": {
      "name": "solr-fake",
      "version": "0.3.0",
      "license": "Apache License v2",
      "dependencies": {
        "json-stringify-deterministic": "1.0.13"
      }
    },
    "node_modules/json-stringify-deterministic": {
      "version": "1.0.13",
      "resolved": "https://registry.npmjs.org/json-stringify-deterministic/-/json-stringify-deterministic-1.0.13.tgz",
      "integrity": "sha512-Gm2hkhXlhD69QplkQGmY30S8Ps5noSFzruJKbgmD/nkYIXimS/Q0P1YIbJkWe2nbWDIzERmtp+hWGzC3Vk3bZg==",
      "license": "MIT",
      "engines": {
        "node": ">= 4"
      }
    }
  }
}
